
Microsoft Visual Studio Solution File, Format Version 12.00
# Visual Studio Version 16
VisualStudioVersion = 16.0.30804.86
MinimumVisualStudioVersion = 10.0.40219.1
Project("{FAE04EC0-301F-11D3-BF4B-00C04F79EFBC}") = "Web", "Web\Web.csproj", "{A5C5EB29-B690-4637-88B2-E7E3B9799F24}"
EndProject
Project("{FAE04EC0-301F-11D3-BF4B-00C04F79EFBC}") = "ASPectLibrary", "ASPectLibrary\ASPectLibrary.csproj", "{B4DCAE7C-F96D-4B12-8EE5-68C795D2099F}"
EndProject
Project("{FAE04EC0-301F-11D3-BF4B-00C04F79EFBC}") = "BlazorClient", "BlazorClient\BlazorClient.csproj", "{ACC543FB-A31C-4A2D-9349-4CB6113D7263}"
EndProject
Project("{FAE04EC0-301F-11D3-BF4B-00C04F79EFBC}") = "ASPectTests", "ASPectTests\ASPectTests.csproj", "{39A80A88-44F3-4E42-9901-C812FFD13450}"
EndProject
Project("{FAE04EC0-301F-11D3-BF4B-00C04F79EFBC}") = "ReactClient", "ReactClient\ReactClient.csproj", "{A873841F-95D1-4B27-B52B-9983EE7E6BE2}"
EndProject
Global
	GlobalSection(SolutionConfigurationPlatforms) = preSolution
		Debug|Any CPU = Debug|Any CPU
		Release|Any CPU = Release|Any CPU
	EndGlobalSection
	GlobalSection(ProjectConfigurationPlatforms) = postSolution
		{A5C5EB29-B690-4637-88B2-E7E3B9799F24}.Debug|Any CPU.ActiveCfg = Debug|Any CPU
		{A5C5EB29-B690-4637-88B2-E7E3B9799F24}.Debug|Any CPU.Build.0 = Debug|Any CPU
		{A5C5EB29-B690-4637-88B2-E7E3B9799F24}.Release|Any CPU.ActiveCfg = Release|Any CPU
		{A5C5EB29-B690-4637-88B2-E7E3B9799F24}.Release|Any CPU.Build.0 = Release|Any CPU
		{B4DCAE7C-F96D-4B12-8EE5-68C795D2099F}.Debug|Any CPU.ActiveCfg = Debug|Any CPU
		{B4DCAE7C-F96D-4B12-8EE5-68C795D2099F}.Debug|Any CPU.Build.0 = Debug|Any CPU
		{B4DCAE7C-F96D-4B12-8EE5-68C795D2099F}.Release|Any CPU.ActiveCfg = Release|Any CPU
		{B4DCAE7C-F96D-4B12-8EE5-68C795D2099F}.Release|Any CPU.Build.0 = Release|Any CPU
		{ACC543FB-A31C-4A2D-9349-4CB6113D7263}.Debug|Any CPU.ActiveCfg = Debug|Any CPU
		{ACC543FB-A31C-4A2D-9349-4CB6113D7263}.Debug|Any CPU.Build.0 = Debug|Any CPU
		{ACC543FB-A31C-4A2D-9349-4CB6113D7263}.Release|Any CPU.ActiveCfg = Release|Any CPU
		{ACC543FB-A31C-4A2D-9349-4CB6113D7263}.Release|Any CPU.Build.0 = Release|Any CPU
		{39A80A88-44F3-4E42-9901-C812FFD13450}.Debug|Any CPU.ActiveCfg = Debug|Any CPU
		{39A80A88-44F3-4E42-9901-C812FFD13450}.Debug|Any CPU.Build.0 = Debug|Any CPU
		{39A80A88-44F3-4E42-9901-C812FFD13450}.Release|Any CPU.ActiveCfg = Release|Any CPU
		{39A80A88-44F3-4E42-9901-C812FFD13450}.Release|Any CPU.Build.0 = Release|Any CPU
		{A873841F-95D1-4B27-B52B-9983EE7E6BE2}.Debug|Any CPU.ActiveCfg = Debug|Any CPU
		{A873841F-95D1-4B27-B52B-9983EE7E6BE2}.Debug|Any CPU.Build.0 = Debug|Any CPU
		{A873841F-95D1-4B27-B52B-9983EE7E6BE2}.Release|Any CPU.ActiveCfg = Release|Any CPU
		{A873841F-95D1-4B27-B52B-9983EE7E6BE2}.Release|Any CPU.Build.0 = Release|Any CPU
	EndGlobalSection
	GlobalSection(SolutionProperties) = preSolution
		HideSolutionNode = FALSE
	EndGlobalSection
	GlobalSection(ExtensibilityGlobals) = postSolution
		SolutionGuid = {1226E0AA-F6B4-40D4-9CDA-AA93864BC5CA}
	EndGlobalSection
EndGlobal
